Microsoft Visual Studio Solution File, Format Version 12.00
# Visual Studio 15
VisualStudioVersion = 15.0.28010.2046
MinimumVisualStudioVersion = 10.0.40219.1
Project("{FAE04EC0-301F-11D3-BF4B-00C04F79EFBC}") = "LinkedLists.Android", "LinkedLists.Android\LinkedLists.Android.csproj", "{DB80BA10-8935-40AA-864A-91510169E448}"
EndProject
Project("{FAE04EC0-301F-11D3-BF4B-00C04F79EFBC}") = "LinkedLists.iOS", "LinkedLists.iOS\LinkedLists.iOS.csproj", "{788B4DD1-845D-4B3C-9916-D887BFC456FF}"
EndProject
Project("{9A19103F-16F7-4668-BE54-9A1E7A4F7556}") = "LinkedLists", "LinkedLists\LinkedLists.csproj", "{2E69F0DA-E11C-416E-BC69-62207AFB3ECD}"
EndProject
Global
	GlobalSection(SolutionConfigurationPlatforms) = preSolution
		Debug|Any CPU = Debug|Any CPU
		Debug|iPhone = Debug|iPhone
		Debug|iPhoneSimulator = Debug|iPhoneSimulator
		Release|Any CPU = Release|Any CPU
		Release|iPhone = Release|iPhone
		Release|iPhoneSimulator = Release|iPhoneSimulator
	EndGlobalSection
	GlobalSection(ProjectConfigurationPlatforms) = postSolution
		{DB80BA10-8935-40AA-864A-91510169E448}.Debug|Any CPU.ActiveCfg = Debug|Any CPU
		{DB80BA10-8935-40AA-864A-91510169E448}.Debug|Any CPU.Build.0 = Debug|Any CPU
		{DB80BA10-8935-40AA-864A-91510169E448}.Debug|Any CPU.Deploy.0 = Debug|Any CPU
		{DB80BA10-8935-40AA-864A-91510169E448}.Debug|iPhone.ActiveCfg = Debug|Any CPU
		{DB80BA10-8935-40AA-864A-91510169E448}.Debug|iPhone.Build.0 = Debug|Any CPU
		{DB80BA10-8935-40AA-864A-91510169E448}.Debug|iPhoneSimulator.ActiveCfg = Debug|Any CPU
		{DB80BA10-8935-40AA-864A-91510169E448}.Debug|iPhoneSimulator.Build.0 = Debug|Any CPU
		{DB80BA10-8935-40AA-864A-91510169E448}.Release|Any CPU.ActiveCfg = Release|Any CPU
		{DB80BA10-8935-40AA-864A-91510169E448}.Release|Any CPU.Build.0 = Release|Any CPU
		{DB80BA10-8935-40AA-864A-91510169E448}.Release|iPhone.ActiveCfg = Release|Any CPU
		{DB80BA10-8935-40AA-864A-91510169E448}.Release|iPhone.Build.0 = Release|Any CPU
		{DB80BA10-8935-40AA-864A-91510169E448}.Release|iPhoneSimulator.ActiveCfg = Release|Any CPU
		{DB80BA10-8935-40AA-864A-91510169E448}.Release|iPhoneSimulator.Build.0 = Release|Any CPU
		{788B4DD1-845D-4B3C-9916-D887BFC456FF}.Debug|Any CPU.ActiveCfg = Debug|iPhoneSimulator
		{788B4DD1-845D-4B3C-9916-D887BFC456FF}.Debug|iPhone.ActiveCfg = Debug|iPhone
		{788B4DD1-845D-4B3C-9916-D887BFC456FF}.Debug|iPhone.Build.0 = Debug|iPhone
		{788B4DD1-845D-4B3C-9916-D887BFC456FF}.Debug|iPhoneSimulator.ActiveCfg = Debug|iPhoneSimulator
		{788B4DD1-845D-4B3C-9916-D887BFC456FF}.Debug|iPhoneSimulator.Build.0 = Debug|iPhoneSimulator
		{788B4DD1-845D-4B3C-9916-D887BFC456FF}.Release|Any CPU.ActiveCfg = Release|iPhoneSimulator
		{788B4DD1-845D-4B3C-9916-D887BFC456FF}.Release|Any CPU.Build.0 = Release|iPhoneSimulator
		{788B4DD1-845D-4B3C-9916-D887BFC456FF}.Release|iPhone.ActiveCfg = Release|iPhone
		{788B4DD1-845D-4B3C-9916-D887BFC456FF}.Release|iPhone.Build.0 = Release|iPhone
		{788B4DD1-845D-4B3C-9916-D887BFC456FF}.Release|iPhoneSimulator.ActiveCfg = Release|iPhoneSimulator
		{788B4DD1-845D-4B3C-9916-D887BFC456FF}.Release|iPhoneSimulator.Build.0 = Release|iPhoneSimulator
		{2E69F0DA-E11C-416E-BC69-62207AFB3ECD}.Debug|Any CPU.ActiveCfg = Debug|Any CPU
		{2E69F0DA-E11C-416E-BC69-62207AFB3ECD}.Debug|Any CPU.Build.0 = Debug|Any CPU
		{2E69F0DA-E11C-416E-BC69-62207AFB3ECD}.Debug|iPhone.ActiveCfg = Debug|Any CPU
		{2E69F0DA-E11C-416E-BC69-62207AFB3ECD}.Debug|iPhone.Build.0 = Debug|Any CPU
		{2E69F0DA-E11C-416E-BC69-62207AFB3ECD}.Debug|iPhoneSimulator.ActiveCfg = Debug|Any CPU
		{2E69F0DA-E11C-416E-BC69-62207AFB3ECD}.Debug|iPhoneSimulator.Build.0 = Debug|Any CPU
		{2E69F0DA-E11C-416E-BC69-62207AFB3ECD}.Release|Any CPU.ActiveCfg = Release|Any CPU
		{2E69F0DA-E11C-416E-BC69-62207AFB3ECD}.Release|Any CPU.Build.0 = Release|Any CPU
		{2E69F0DA-E11C-416E-BC69-62207AFB3ECD}.Release|iPhone.ActiveCfg = Release|Any CPU
		{2E69F0DA-E11C-416E-BC69-62207AFB3ECD}.Release|iPhone.Build.0 = Release|Any CPU
		{2E69F0DA-E11C-416E-BC69-62207AFB3ECD}.Release|iPhoneSimulator.ActiveCfg = Release|Any CPU
		{2E69F0DA-E11C-416E-BC69-62207AFB3ECD}.Release|iPhoneSimulator.Build.0 = Release|Any CPU
	EndGlobalSection
	GlobalSection(SolutionProperties) = preSolution
		HideSolutionNode = FALSE
	EndGlobalSection
	GlobalSection(ExtensibilityGlobals) = postSolution
		SolutionGuid = {E553A5DF-92DC-4807-AE10-5903B869F52D}
	EndGlobalSection
EndGlobal
